
Microsoft Visual Studio Solution File, Format Version 12.00
# Visual Studio Version 16
VisualStudioVersion = 16.0.30002.166
MinimumVisualStudioVersion = 10.0.40219.1
Project("{9A19103F-16F7-4668-BE54-9A1E7A4F7556}") = "cSharpAssignment2", "cSharpAssignment2\cSharpAssignment2.csproj", "{F5B7699B-35C8-40E9-9D75-0639F65D9631}"
EndProject
Project("{9A19103F-16F7-4668-BE54-9A1E7A4F7556}") = "SingeltonDemo", "SingeltonDemo\SingeltonDemo.csproj", "{39383D15-5737-4FCE-BBF4-6DFC783BEA97}"
EndProject
Project("{9A19103F-16F7-4668-BE54-9A1E7A4F7556}") = "Events-Delegates", "Events-Delegates\Events-Delegates.csproj", "{05CCD02F-F8F8-4AA9-AFEF-255BDA8B3C6A}"
EndProject
Project("{2150E333-8FDC-42A3-9474-1A3956D46DE8}") = "ASP.NET Assignments", "ASP.NET Assignments", "{2703F785-2A77-42B6-8336-EE2576C49ECC}"
EndProject
Project("{9A19103F-16F7-4668-BE54-9A1E7A4F7556}") = "TaskCRUD", "TaskCRUD\TaskCRUD.csproj", "{2594586D-3C0F-45CA-B5E9-F7D6EC92648F}"
EndProject
Global
	GlobalSection(SolutionConfigurationPlatforms) = preSolution
		Debug|Any CPU = Debug|Any CPU
		Release|Any CPU = Release|Any CPU
	EndGlobalSection
	GlobalSection(ProjectConfigurationPlatforms) = postSolution
		{F5B7699B-35C8-40E9-9D75-0639F65D9631}.Debug|Any CPU.ActiveCfg = Debug|Any CPU
		{F5B7699B-35C8-40E9-9D75-0639F65D9631}.Debug|Any CPU.Build.0 = Debug|Any CPU
		{F5B7699B-35C8-40E9-9D75-0639F65D9631}.Release|Any CPU.ActiveCfg = Release|Any CPU
		{F5B7699B-35C8-40E9-9D75-0639F65D9631}.Release|Any CPU.Build.0 = Release|Any CPU
		{39383D15-5737-4FCE-BBF4-6DFC783BEA97}.Debug|Any CPU.ActiveCfg = Debug|Any CPU
		{39383D15-5737-4FCE-BBF4-6DFC783BEA97}.Debug|Any CPU.Build.0 = Debug|Any CPU
		{39383D15-5737-4FCE-BBF4-6DFC783BEA97}.Release|Any CPU.ActiveCfg = Release|Any CPU
		{39383D15-5737-4FCE-BBF4-6DFC783BEA97}.Release|Any CPU.Build.0 = Release|Any CPU
		{05CCD02F-F8F8-4AA9-AFEF-255BDA8B3C6A}.Debug|Any CPU.ActiveCfg = Debug|Any CPU
		{05CCD02F-F8F8-4AA9-AFEF-255BDA8B3C6A}.Debug|Any CPU.Build.0 = Debug|Any CPU
		{05CCD02F-F8F8-4AA9-AFEF-255BDA8B3C6A}.Release|Any CPU.ActiveCfg = Release|Any CPU
		{05CCD02F-F8F8-4AA9-AFEF-255BDA8B3C6A}.Release|Any CPU.Build.0 = Release|Any CPU
		{2594586D-3C0F-45CA-B5E9-F7D6EC92648F}.Debug|Any CPU.ActiveCfg = Debug|Any CPU
		{2594586D-3C0F-45CA-B5E9-F7D6EC92648F}.Debug|Any CPU.Build.0 = Debug|Any CPU
		{2594586D-3C0F-45CA-B5E9-F7D6EC92648F}.Release|Any CPU.ActiveCfg = Release|Any CPU
		{2594586D-3C0F-45CA-B5E9-F7D6EC92648F}.Release|Any CPU.Build.0 = Release|Any CPU
	EndGlobalSection
	GlobalSection(SolutionProperties) = preSolution
		HideSolutionNode = FALSE
	EndGlobalSection
	GlobalSection(NestedProjects) = preSolution
		{2594586D-3C0F-45CA-B5E9-F7D6EC92648F} = {2703F785-2A77-42B6-8336-EE2576C49ECC}
	EndGlobalSection
	GlobalSection(ExtensibilityGlobals) = postSolution
		SolutionGuid = {FEE3AFEA-D56F-431E-A911-CDBE0F3C8DD7}
	EndGlobalSection
EndGlobal
